
Microsoft Visual Studio Solution File, Format Version 12.00
Project("{FAE04EC0-301F-11D3-BF4B-00C04F79EFBC}") = "Vejrstation", "Vejrstation\Vejrstation.csproj", "{2D852C82-2785-4170-AD48-7B389CCDE40E}"
EndProject
Project("{FAE04EC0-301F-11D3-BF4B-00C04F79EFBC}") = "Vejrstation.Test.Unit", "Vejrstation.Test.Unit\Vejrstation.Test.Unit.csproj", "{B9742EF0-E8FF-4EC5-BBBE-5C4F041FF36A}"
EndProject
Global
	GlobalSection(SolutionConfigurationPlatforms) = preSolution
		Debug|Any CPU = Debug|Any CPU
		Release|Any CPU = Release|Any CPU
	EndGlobalSection
	GlobalSection(ProjectConfigurationPlatforms) = postSolution
		{2D852C82-2785-4170-AD48-7B389CCDE40E}.Debug|Any CPU.ActiveCfg = Debug|Any CPU
		{2D852C82-2785-4170-AD48-7B389CCDE40E}.Debug|Any CPU.Build.0 = Debug|Any CPU
		{2D852C82-2785-4170-AD48-7B389CCDE40E}.Release|Any CPU.ActiveCfg = Release|Any CPU
		{2D852C82-2785-4170-AD48-7B389CCDE40E}.Release|Any CPU.Build.0 = Release|Any CPU
		{B9742EF0-E8FF-4EC5-BBBE-5C4F041FF36A}.Debug|Any CPU.ActiveCfg = Debug|Any CPU
		{B9742EF0-E8FF-4EC5-BBBE-5C4F041FF36A}.Debug|Any CPU.Build.0 = Debug|Any CPU
		{B9742EF0-E8FF-4EC5-BBBE-5C4F041FF36A}.Release|Any CPU.ActiveCfg = Release|Any CPU
		{B9742EF0-E8FF-4EC5-BBBE-5C4F041FF36A}.Release|Any CPU.Build.0 = Release|Any CPU
	EndGlobalSection
EndGlobal
